<?xml version="1.0" encoding="utf-8"?>
<Project ToolsVersion="4.0" xmlns="http://schemas.microsoft.com/developer/msbuild/2003">
  <ItemGroup>
    <Filter Include="Исходные файлы">
      <UniqueIdentifier>{4FC737F1-C7A5-4376-A066-2A32D752A2FF}</UniqueIdentifier>
      <Extensions>cpp;c;cc;cxx;c++;cppm;ixx;def;odl;idl;hpj;bat;asm;asmx</Extensions>
    </Filter>
    <Filter Include="Файлы заголовков">
      <UniqueIdentifier>{93995380-89BD-4b04-88EB-625FBE52EBFB}</UniqueIdentifier>
      <Extensions>h;hh;hpp;hxx;h++;hm;inl;inc;ipp;xsd</Extensions>
    </Filter>
    <Filter Include="Файлы ресурсов">
      <UniqueIdentifier>{67DA6AB6-F800-4c08-8B7A-83BB121AAD01}</UniqueIdentifier>
      <Extensions>rc;ico;cur;bmp;dlg;rc2;rct;bin;rgs;gif;jpg;jpeg;jpe;resx;tiff;tif;png;wav;mfcribbon-ms</Extensions>
    </Filter>
  </ItemGroup>
  <ItemGroup>
    <None Include="cpp.hint" />
  </ItemGroup>
  <ItemGroup>
    <ClInclude Include="framework.h">
      <Filter>Файлы заголовков</Filter>
    </ClInclude>
    <ClInclude Include="theLibGeom2d.h">
      <Filter>Файлы заголовков</Filter>
    </ClInclude>
    <ClInclude Include="pch.h">
      <Filter>Файлы заголовков</Filter>
    </ClInclude>
    <ClInclude Include="Axis.h">
      <Filter>Файлы заголовков</Filter>
    </ClInclude>
    <ClInclude Include="baseCurve.h">
      <Filter>Файлы заголовков</Filter>
    </ClInclude>
    <ClInclude Include="bezierCurve2d.h">
      <Filter>Файлы заголовков</Filter>
    </ClInclude>
    <ClInclude Include="common.h">
      <Filter>Файлы заголовков</Filter>
    </ClInclude>
    <ClInclude Include="CommonRangeHelper.h">
      <Filter>Файлы заголовков</Filter>
    </ClInclude>
    <ClInclude Include="curveIntersector.h">
      <Filter>Файлы заголовков</Filter>
    </ClInclude>
    <ClInclude Include="findFunctionRoots.h">
      <Filter>Файлы заголовков</Filter>
    </ClInclude>
    <ClInclude Include="IntersecctionSolutionType.h">
      <Filter>Файлы заголовков</Filter>
    </ClInclude>
    <ClInclude Include="amath.h">
      <Filter>Файлы заголовков</Filter>
    </ClInclude>
    <ClInclude Include="point.h">
      <Filter>Файлы заголовков</Filter>
    </ClInclude>
    <ClInclude Include="pointCurve.h">
      <Filter>Файлы заголовков</Filter>
    </ClInclude>
    <ClInclude Include="segmentCurve.h">
      <Filter>Файлы заголовков</Filter>
    </ClInclude>
    <ClInclude Include="solver_normal_and_normal.h">
      <Filter>Файлы заголовков</Filter>
    </ClInclude>
    <ClInclude Include="solver_point_and_alongaxis.h">
      <Filter>Файлы заголовков</Filter>
    </ClInclude>
    <ClInclude Include="solver_point_and_point.h">
      <Filter>Файлы заголовков</Filter>
    </ClInclude>
    <ClInclude Include="solver_points_and_alongaxis.h">
      <Filter>Файлы заголовков</Filter>
    </ClInclude>
    <ClInclude Include="solver_screen_and_screen.h">
      <Filter>Файлы заголовков</Filter>
    </ClInclude>
    <ClInclude Include="solver_unique_intersection.h">
      <Filter>Файлы заголовков</Filter>
    </ClInclude>
    <ClInclude Include="StatOfCurvePiece.h">
      <Filter>Файлы заголовков</Filter>
    </ClInclude>
    <ClInclude Include="avector.h">
      <Filter>Файлы заголовков</Filter>
    </ClInclude>
  </ItemGroup>
  <ItemGroup>
    <ClCompile Include="theLibGeom2d.cpp">
      <Filter>Исходные файлы</Filter>
    </ClCompile>
    <ClCompile Include="dllmain.cpp">
      <Filter>Исходные файлы</Filter>
    </ClCompile>
    <ClCompile Include="baseCurve.cpp">
      <Filter>Исходные файлы</Filter>
    </ClCompile>
    <ClCompile Include="bezierCurve2d.cpp">
      <Filter>Исходные файлы</Filter>
    </ClCompile>
    <ClCompile Include="CommonRangeHelper.cpp">
      <Filter>Исходные файлы</Filter>
    </ClCompile>
    <ClCompile Include="curveIntersector.cpp">
      <Filter>Исходные файлы</Filter>
    </ClCompile>
    <ClCompile Include="amath.cpp">
      <Filter>Исходные файлы</Filter>
    </ClCompile>
    <ClCompile Include="point.cpp">
      <Filter>Исходные файлы</Filter>
    </ClCompile>
    <ClCompile Include="pointCurve.cpp">
      <Filter>Исходные файлы</Filter>
    </ClCompile>
    <ClCompile Include="segmentCurve.cpp">
      <Filter>Исходные файлы</Filter>
    </ClCompile>
    <ClCompile Include="solver_normal_and_normal.cpp">
      <Filter>Исходные файлы</Filter>
    </ClCompile>
    <ClCompile Include="solver_point_and_alongaxis.cpp">
      <Filter>Исходные файлы</Filter>
    </ClCompile>
    <ClCompile Include="solver_point_and_point.cpp">
      <Filter>Исходные файлы</Filter>
    </ClCompile>
    <ClCompile Include="solver_points_and_alongaxis.cpp">
      <Filter>Исходные файлы</Filter>
    </ClCompile>
    <ClCompile Include="solver_screen_and_screen.cpp">
      <Filter>Исходные файлы</Filter>
    </ClCompile>
    <ClCompile Include="StatOfCurvePiece.cpp">
      <Filter>Исходные файлы</Filter>
    </ClCompile>
    <ClCompile Include="avector.cpp">
      <Filter>Исходные файлы</Filter>
    </ClCompile>
  </ItemGroup>
</Project>